<?xml version="1.0" encoding="utf-8"?>
<Project ToolsVersion="4.0" xmlns="http://schemas.microsoft.com/developer/msbuild/2003">
  <ItemGroup>
    <Filter Include="Source Files">
      <UniqueIdentifier>{4FC737F1-C7A5-4376-A066-2A32D752A2FF}</UniqueIdentifier>
      <Extensions>cpp;c;cc;cxx;c++;cppm;ixx;def;odl;idl;hpj;bat;asm;asmx</Extensions>
    </Filter>
    <Filter Include="Header Files">
      <UniqueIdentifier>{93995380-89BD-4b04-88EB-625FBE52EBFB}</UniqueIdentifier>
      <Extensions>h;hh;hpp;hxx;h++;hm;inl;inc;ipp;xsd</Extensions>
    </Filter>
    <Filter Include="Resource Files">
      <UniqueIdentifier>{67DA6AB6-F800-4c08-8B7A-83BB121AAD01}</UniqueIdentifier>
      <Extensions>rc;ico;cur;bmp;dlg;rc2;rct;bin;rgs;gif;jpg;jpeg;jpe;resx;tiff;tif;png;wav;mfcribbon-ms</Extensions>
    </Filter>
  </ItemGroup>
  <ItemGroup>
    <ClInclude Include="framework.h">
      <Filter>Header Files</Filter>
    </ClInclude>
    <ClInclude Include="pch.h">
      <Filter>Header Files</Filter>
    </ClInclude>
    <ClInclude Include="file_utility.h">
      <Filter>Header Files</Filter>
    </ClInclude>
    <ClInclude Include="gui_settings.h">
      <Filter>Header Files</Filter>
    </ClInclude>
    <ClInclude Include="hittable.h">
      <Filter>Header Files</Filter>
    </ClInclude>
    <ClInclude Include="hittable_list.h">
      <Filter>Header Files</Filter>
    </ClInclude>
    <ClInclude Include="hittable_list_custom_bvh.h">
      <Filter>Header Files</Filter>
    </ClInclude>
    <ClInclude Include="hittable_list_tinybvh.h">
      <Filter>Header Files</Filter>
    </ClInclude>
    <ClInclude Include="intersection_utility.h">
      <Filter>Header Files</Filter>
    </ClInclude>
    <ClInclude Include="interval.h">
      <Filter>Header Files</Filter>
    </ClInclude>
    <ClInclude Include="main_utility.h">
      <Filter>Header Files</Filter>
    </ClInclude>
    <ClInclude Include="material.h">
      <Filter>Header Files</Filter>
    </ClInclude>
    <ClInclude Include="math_utility.h">
      <Filter>Header Files</Filter>
    </ClInclude>
    <ClInclude Include="matrix.h">
      <Filter>Header Files</Filter>
    </ClInclude>
    <ClInclude Include="mesh.h">
      <Filter>Header Files</Filter>
    </ClInclude>
    <ClInclude Include="mesh_buffer_manager.h">
      <Filter>Header Files</Filter>
    </ClInclude>
    <ClInclude Include="mesh_utils.h">
      <Filter>Header Files</Filter>
    </ClInclude>
    <ClInclude Include="obj_loader.h">
      <Filter>Header Files</Filter>
    </ClInclude>
    <ClInclude Include="ray.h">
      <Filter>Header Files</Filter>
    </ClInclude>
    <ClInclude Include="RTMesh.h">
      <Filter>Header Files</Filter>
    </ClInclude>
    <ClInclude Include="RTMeshTinyBVH.h">
      <Filter>Header Files</Filter>
    </ClInclude>
    <ClInclude Include="scene.h">
      <Filter>Header Files</Filter>
    </ClInclude>
    <ClInclude Include="scene_cornell_box.h">
      <Filter>Header Files</Filter>
    </ClInclude>
    <ClInclude Include="scene_material_testing.h">
      <Filter>Header Files</Filter>
    </ClInclude>
    <ClInclude Include="scene_meshes.h">
      <Filter>Header Files</Filter>
    </ClInclude>
    <ClInclude Include="scene_obj_loader.h">
      <Filter>Header Files</Filter>
    </ClInclude>
    <ClInclude Include="scene_rt_meshes.h">
      <Filter>Header Files</Filter>
    </ClInclude>
    <ClInclude Include="shader.h">
      <Filter>Header Files</Filter>
    </ClInclude>
    <ClInclude Include="statistics.h">
      <Filter>Header Files</Filter>
    </ClInclude>
    <ClInclude Include="texture.h">
      <Filter>Header Files</Filter>
    </ClInclude>
    <ClInclude Include="texture_loader.h">
      <Filter>Header Files</Filter>
    </ClInclude>
    <ClInclude Include="texture_utility.h">
      <Filter>Header Files</Filter>
    </ClInclude>
    <ClInclude Include="transformations.h">
      <Filter>Header Files</Filter>
    </ClInclude>
    <ClInclude Include="types.h">
      <Filter>Header Files</Filter>
    </ClInclude>
    <ClInclude Include="utility.h">
      <Filter>Header Files</Filter>
    </ClInclude>
    <ClInclude Include="vec3.h">
      <Filter>Header Files</Filter>
    </ClInclude>
    <ClInclude Include="bvh_builder.h">
      <Filter>Header Files</Filter>
    </ClInclude>
    <ClInclude Include="bvh_manager.h">
      <Filter>Header Files</Filter>
    </ClInclude>
    <ClInclude Include="camera.h">
      <Filter>Header Files</Filter>
    </ClInclude>
    <ClInclude Include="context.h">
      <Filter>Header Files</Filter>
    </ClInclude>
  </ItemGroup>
  <ItemGroup>
    <ClCompile Include="dllmain.cpp">
      <Filter>Source Files</Filter>
    </ClCompile>
    <ClCompile Include="pch.cpp">
      <Filter>Source Files</Filter>
    </ClCompile>
    <ClCompile Include="obj_loader.cpp">
      <Filter>Source Files</Filter>
    </ClCompile>
    <ClCompile Include="RTMesh.cpp">
      <Filter>Source Files</Filter>
    </ClCompile>
    <ClCompile Include="RTMeshTinyBVH.cpp">
      <Filter>Source Files</Filter>
    </ClCompile>
    <ClCompile Include="scene_cornell_box.cpp">
      <Filter>Source Files</Filter>
    </ClCompile>
    <ClCompile Include="scene_material_testing.cpp">
      <Filter>Source Files</Filter>
    </ClCompile>
    <ClCompile Include="scene_meshes.cpp">
      <Filter>Source Files</Filter>
    </ClCompile>
    <ClCompile Include="scene_obj_loader.cpp">
      <Filter>Source Files</Filter>
    </ClCompile>
    <ClCompile Include="scene_rt_meshes.cpp">
      <Filter>Source Files</Filter>
    </ClCompile>
    <ClCompile Include="shader.cpp">
      <Filter>Source Files</Filter>
    </ClCompile>
    <ClCompile Include="texture.cpp">
      <Filter>Source Files</Filter>
    </ClCompile>
    <ClCompile Include="texture_loader.cpp">
      <Filter>Source Files</Filter>
    </ClCompile>
    <ClCompile Include="transformations.cpp">
      <Filter>Source Files</Filter>
    </ClCompile>
    <ClCompile Include="bvh_builder.cpp">
      <Filter>Source Files</Filter>
    </ClCompile>
    <ClCompile Include="bvh_manager.cpp">
      <Filter>Source Files</Filter>
    </ClCompile>
    <ClCompile Include="camera.cpp">
      <Filter>Source Files</Filter>
    </ClCompile>
    <ClCompile Include="file_utility.cpp">
      <Filter>Source Files</Filter>
    </ClCompile>
    <ClCompile Include="hittable_list.cpp">
      <Filter>Source Files</Filter>
    </ClCompile>
    <ClCompile Include="hittable_list_custom_bvh.cpp">
      <Filter>Source Files</Filter>
    </ClCompile>
    <ClCompile Include="hittable_list_tinybvh.cpp">
      <Filter>Source Files</Filter>
    </ClCompile>
    <ClCompile Include="interval.cpp">
      <Filter>Source Files</Filter>
    </ClCompile>
    <ClCompile Include="matrix.cpp">
      <Filter>Source Files</Filter>
    </ClCompile>
    <ClCompile Include="mesh.cpp">
      <Filter>Source Files</Filter>
    </ClCompile>
    <ClCompile Include="mesh_buffer_manager.cpp">
      <Filter>Source Files</Filter>
    </ClCompile>
    <ClCompile Include="mesh_utils.cpp">
      <Filter>Source Files</Filter>
    </ClCompile>
  </ItemGroup>
  <ItemGroup>
    <None Include="cpp.hint" />
  </ItemGroup>
</Project>