<?xml version="1.0" encoding="utf-8"?>
<Project ToolsVersion="4.0" xmlns="http://schemas.microsoft.com/developer/msbuild/2003">
  <ItemGroup>
    <Filter Include="Source Files">
      <UniqueIdentifier>{4FC737F1-C7A5-4376-A066-2A32D752A2FF}</UniqueIdentifier>
      <Extensions>cpp;c;cc;cxx;c++;cppm;ixx;def;odl;idl;hpj;bat;asm;asmx</Extensions>
    </Filter>
    <Filter Include="Header Files">
      <UniqueIdentifier>{93995380-89BD-4b04-88EB-625FBE52EBFB}</UniqueIdentifier>
      <Extensions>h;hh;hpp;hxx;h++;hm;inl;inc;ipp;xsd</Extensions>
    </Filter>
    <Filter Include="Resource Files">
      <UniqueIdentifier>{67DA6AB6-F800-4c08-8B7A-83BB121AAD01}</UniqueIdentifier>
      <Extensions>rc;ico;cur;bmp;dlg;rc2;rct;bin;rgs;gif;jpg;jpeg;jpe;resx;tiff;tif;png;wav;mfcribbon-ms</Extensions>
    </Filter>
    <Filter Include="Images">
      <UniqueIdentifier>{35425ba0-0599-4789-a3e6-88dcfef77c8e}</UniqueIdentifier>
    </Filter>
    <Filter Include="External Libraries">
      <UniqueIdentifier>{de0c08d4-4ce5-40b3-8862-92ef995d54b8}</UniqueIdentifier>
    </Filter>
    <Filter Include="External Libraries\imgui">
      <UniqueIdentifier>{b7321e53-4818-4fee-a86f-22308b06d905}</UniqueIdentifier>
    </Filter>
    <Filter Include="External Libraries\glad">
      <UniqueIdentifier>{508cb66a-7a97-4bb1-a1fe-575cf58d0c4d}</UniqueIdentifier>
    </Filter>
    <Filter Include="Shader Files">
      <UniqueIdentifier>{8e31cc48-def1-4f12-8ec1-ea6119631042}</UniqueIdentifier>
    </Filter>
    <Filter Include="External Libraries\tinyobjloader">
      <UniqueIdentifier>{47b63211-c4bb-4849-a5fc-1fdd092ab972}</UniqueIdentifier>
    </Filter>
    <Filter Include="External Libraries\stb_image">
      <UniqueIdentifier>{465f1a90-b903-4dc5-a4db-077b085e24da}</UniqueIdentifier>
    </Filter>
  </ItemGroup>
  <ItemGroup>
    <ClCompile Include="RayTracingTutorial.cpp">
      <Filter>Source Files</Filter>
    </ClCompile>
    <ClCompile Include="ExternalLibraries\imgui\imgui.cpp">
      <Filter>External Libraries\imgui</Filter>
    </ClCompile>
    <ClCompile Include="ExternalLibraries\imgui\imgui_demo.cpp">
      <Filter>External Libraries\imgui</Filter>
    </ClCompile>
    <ClCompile Include="ExternalLibraries\imgui\imgui_draw.cpp">
      <Filter>External Libraries\imgui</Filter>
    </ClCompile>
    <ClCompile Include="ExternalLibraries\imgui\imgui_impl_glfw.cpp">
      <Filter>External Libraries\imgui</Filter>
    </ClCompile>
    <ClCompile Include="ExternalLibraries\imgui\imgui_impl_opengl3.cpp">
      <Filter>External Libraries\imgui</Filter>
    </ClCompile>
    <ClCompile Include="ExternalLibraries\imgui\imgui_tables.cpp">
      <Filter>External Libraries\imgui</Filter>
    </ClCompile>
    <ClCompile Include="ExternalLibraries\imgui\imgui_widgets.cpp">
      <Filter>External Libraries\imgui</Filter>
    </ClCompile>
    <ClCompile Include="interval.cpp">
      <Filter>Source Files</Filter>
    </ClCompile>
    <ClCompile Include="camera.cpp">
      <Filter>Source Files</Filter>
    </ClCompile>
    <ClCompile Include="matrix.cpp">
      <Filter>Source Files</Filter>
    </ClCompile>
    <ClCompile Include="hittable_list.cpp">
      <Filter>Source Files</Filter>
    </ClCompile>
    <ClCompile Include="transformations.cpp">
      <Filter>Source Files</Filter>
    </ClCompile>
    <ClCompile Include="camera_controller.cpp">
      <Filter>Source Files</Filter>
    </ClCompile>
    <ClCompile Include="shader.cpp">
      <Filter>Source Files</Filter>
    </ClCompile>
    <ClCompile Include="mesh.cpp">
      <Filter>Source Files</Filter>
    </ClCompile>
    <ClCompile Include="scene_meshes.cpp">
      <Filter>Source Files</Filter>
    </ClCompile>
    <ClCompile Include="mesh_utils.cpp">
      <Filter>Source Files</Filter>
    </ClCompile>
    <ClCompile Include="RTMesh.cpp">
      <Filter>Source Files</Filter>
    </ClCompile>
    <ClCompile Include="mesh_buffer_manager.cpp">
      <Filter>Source Files</Filter>
    </ClCompile>
    <ClCompile Include="scene_rt_meshes.cpp">
      <Filter>Source Files</Filter>
    </ClCompile>
    <ClCompile Include="scene_cornell_box.cpp">
      <Filter>Source Files</Filter>
    </ClCompile>
    <ClCompile Include="bvh_builder.cpp">
      <Filter>Source Files</Filter>
    </ClCompile>
    <ClCompile Include="bvh_manager.cpp">
      <Filter>Source Files</Filter>
    </ClCompile>
    <ClCompile Include="obj_loader.cpp">
      <Filter>Source Files</Filter>
    </ClCompile>
    <ClCompile Include="scene_obj_loader.cpp">
      <Filter>Source Files</Filter>
    </ClCompile>
    <ClCompile Include="texture.cpp">
      <Filter>Source Files</Filter>
    </ClCompile>
    <ClCompile Include="texture_loader.cpp">
      <Filter>Source Files</Filter>
    </ClCompile>
    <ClCompile Include="file_utility.cpp">
      <Filter>Source Files</Filter>
    </ClCompile>
    <ClCompile Include="scene_material_testing.cpp">
      <Filter>Source Files</Filter>
    </ClCompile>
  </ItemGroup>
  <ItemGroup>
    <ClInclude Include="vec3.h">
      <Filter>Header Files</Filter>
    </ClInclude>
    <ClInclude Include="ray.h">
      <Filter>Header Files</Filter>
    </ClInclude>
    <ClInclude Include="hittable.h">
      <Filter>Header Files</Filter>
    </ClInclude>
    <ClInclude Include="hittable_list.h">
      <Filter>Header Files</Filter>
    </ClInclude>
    <ClInclude Include="interval.h">
      <Filter>Header Files</Filter>
    </ClInclude>
    <ClInclude Include="camera.h">
      <Filter>Header Files</Filter>
    </ClInclude>
    <ClInclude Include="material.h">
      <Filter>Header Files</Filter>
    </ClInclude>
    <ClInclude Include="ExternalLibraries\imgui\imconfig.h">
      <Filter>External Libraries\imgui</Filter>
    </ClInclude>
    <ClInclude Include="ExternalLibraries\imgui\imgui.h">
      <Filter>External Libraries\imgui</Filter>
    </ClInclude>
    <ClInclude Include="ExternalLibraries\imgui\imgui_impl_glfw.h">
      <Filter>External Libraries\imgui</Filter>
    </ClInclude>
    <ClInclude Include="ExternalLibraries\imgui\imgui_impl_opengl3.h">
      <Filter>External Libraries\imgui</Filter>
    </ClInclude>
    <ClInclude Include="ExternalLibraries\imgui\imgui_impl_opengl3_loader.h">
      <Filter>External Libraries\imgui</Filter>
    </ClInclude>
    <ClInclude Include="ExternalLibraries\imgui\imgui_internal.h">
      <Filter>External Libraries\imgui</Filter>
    </ClInclude>
    <ClInclude Include="ExternalLibraries\imgui\imstb_rectpack.h">
      <Filter>External Libraries\imgui</Filter>
    </ClInclude>
    <ClInclude Include="ExternalLibraries\imgui\imstb_textedit.h">
      <Filter>External Libraries\imgui</Filter>
    </ClInclude>
    <ClInclude Include="ExternalLibraries\imgui\imstb_truetype.h">
      <Filter>External Libraries\imgui</Filter>
    </ClInclude>
    <ClInclude Include="camera_controller.h">
      <Filter>Header Files</Filter>
    </ClInclude>
    <ClInclude Include="matrix.h">
      <Filter>Header Files</Filter>
    </ClInclude>
    <ClInclude Include="transformations.h">
      <Filter>Header Files</Filter>
    </ClInclude>
    <ClInclude Include="scene.h">
      <Filter>Header Files</Filter>
    </ClInclude>
    <ClInclude Include="math_utility.h">
      <Filter>Header Files</Filter>
    </ClInclude>
    <ClInclude Include="ExternalLibraries\glad\gl.h">
      <Filter>External Libraries\glad</Filter>
    </ClInclude>
    <ClInclude Include="shader.h">
      <Filter>Header Files</Filter>
    </ClInclude>
    <ClInclude Include="mesh.h">
      <Filter>Header Files</Filter>
    </ClInclude>
    <ClInclude Include="scene_meshes.h">
      <Filter>Header Files</Filter>
    </ClInclude>
    <ClInclude Include="mesh_utils.h">
      <Filter>Header Files</Filter>
    </ClInclude>
    <ClInclude Include="RTMesh.h">
      <Filter>Header Files</Filter>
    </ClInclude>
    <ClInclude Include="mesh_buffer_manager.h">
      <Filter>Header Files</Filter>
    </ClInclude>
    <ClInclude Include="scene_rt_meshes.h">
      <Filter>Header Files</Filter>
    </ClInclude>
    <ClInclude Include="scene_cornell_box.h">
      <Filter>Header Files</Filter>
    </ClInclude>
    <ClInclude Include="bvh_builder.h">
      <Filter>Header Files</Filter>
    </ClInclude>
    <ClInclude Include="gui_settings.h">
      <Filter>Header Files</Filter>
    </ClInclude>
    <ClInclude Include="bvh_manager.h">
      <Filter>Header Files</Filter>
    </ClInclude>
    <ClInclude Include="types.h">
      <Filter>Header Files</Filter>
    </ClInclude>
    <ClInclude Include="context.h">
      <Filter>Header Files</Filter>
    </ClInclude>
    <ClInclude Include="intersection_utility.h">
      <Filter>Header Files</Filter>
    </ClInclude>
    <ClInclude Include="obj_loader.h">
      <Filter>Header Files</Filter>
    </ClInclude>
    <ClInclude Include="ExternalLibraries\tinyobjloader\tiny_obj_loader.h">
      <Filter>External Libraries\tinyobjloader</Filter>
    </ClInclude>
    <ClInclude Include="scene_obj_loader.h">
      <Filter>Header Files</Filter>
    </ClInclude>
    <ClInclude Include="texture.h">
      <Filter>Header Files</Filter>
    </ClInclude>
    <ClInclude Include="texture_loader.h">
      <Filter>Header Files</Filter>
    </ClInclude>
    <ClInclude Include="ExternalLibraries\stb image\stb_image.h">
      <Filter>External Libraries\stb_image</Filter>
    </ClInclude>
    <ClInclude Include="ExternalLibraries\stb image\stb_image_write.h">
      <Filter>External Libraries\stb_image</Filter>
    </ClInclude>
    <ClInclude Include="statistics.h">
      <Filter>Header Files</Filter>
    </ClInclude>
    <ClInclude Include="ExternalLibraries\tinyobjloader\earcut.hpp">
      <Filter>External Libraries\tinyobjloader</Filter>
    </ClInclude>
    <ClInclude Include="file_utility.h">
      <Filter>Header Files</Filter>
    </ClInclude>
    <ClInclude Include="scene_material_testing.h">
      <Filter>Header Files</Filter>
    </ClInclude>
    <ClInclude Include="utility.h">
      <Filter>Header Files</Filter>
    </ClInclude>
    <ClInclude Include="texture_utility.h">
      <Filter>Header Files</Filter>
    </ClInclude>
    <ClInclude Include="main_utility.h">
      <Filter>Header Files</Filter>
    </ClInclude>
  </ItemGroup>
  <ItemGroup>
    <Text Include="ShaderFiles\shader.fs.txt">
      <Filter>Shader Files</Filter>
    </Text>
    <Text Include="ShaderFiles\shader.vs.txt">
      <Filter>Shader Files</Filter>
    </Text>
    <Text Include="ShaderFiles\shader_mesh.fs.txt">
      <Filter>Shader Files</Filter>
    </Text>
    <Text Include="ShaderFiles\shader_mesh.vs.txt">
      <Filter>Shader Files</Filter>
    </Text>
    <Text Include="ShaderFiles\shader_bounding_box.fs.txt">
      <Filter>Shader Files</Filter>
    </Text>
    <Text Include="ShaderFiles\shader_bounding_box.vs.txt">
      <Filter>Shader Files</Filter>
    </Text>
  </ItemGroup>
</Project>